schema: '2.0'
stages:
  ingest:
    cmd: python -m ml.data_ingestion.ingest --config configs/data_config.json
    deps:
    - path: configs/data_config.json
      hash: md5
      md5: 66b1d43085e2067e2f7b5854a8775b14
      size: 413
    - path: ml/common.py
      hash: md5
      md5: a0ba0b09fffa2019e10a10cf1e14aa87
      size: 2960
    - path: ml/data_ingestion/ingest.py
      hash: md5
      md5: 0609314b2debc005befb5f7b8bc416ab
      size: 11447
    - path: ml/monitoring/performance.py
      hash: md5
      md5: f7d692e71db4db2daa1db276380f4537
      size: 2255
    params:
      params.yaml:
        data.allowed_ratings:
        - 1
        - 3
        - 5
        data.dataset_name: SetFit/amazon_reviews_multi_en
        data.dataset_split: train
        data.fallback_to_seed_data: true
        data.max_rows_total: 15000
        data.max_text_length: 3000
        data.min_text_length: 20
        data.random_seed: 42
        data.seed_rows_per_class: 300
        data.source_homepage:
          https://huggingface.co/datasets/SetFit/amazon_reviews_multi_en
    outs:
    - path: data/raw/reviews.csv
      hash: md5
      md5: b8dec822b7176f4ddd7f398fb60d5205
      size: 3856410
    - path: reports/ingestion_report.json
      hash: md5
      md5: 0e299816f72c1132035b1bc559ab626d
      size: 822
  validate:
    cmd: python -m ml.validation.validate_data --config configs/data_config.json
    deps:
    - path: configs/data_config.json
      hash: md5
      md5: 66b1d43085e2067e2f7b5854a8775b14
      size: 413
    - path: data/raw/reviews.csv
      hash: md5
      md5: b8dec822b7176f4ddd7f398fb60d5205
      size: 3856410
    - path: ml/common.py
      hash: md5
      md5: a0ba0b09fffa2019e10a10cf1e14aa87
      size: 2960
    - path: ml/monitoring/performance.py
      hash: md5
      md5: f7d692e71db4db2daa1db276380f4537
      size: 2255
    - path: ml/validation/validate_data.py
      hash: md5
      md5: 2ce93eb5affd5c6fb087be5ed87a87d6
      size: 5835
    params:
      params.yaml:
        data.max_text_length: 3000
        data.min_text_length: 20
    outs:
    - path: reports/data_validation.json
      hash: md5
      md5: 0d25f29399f71b0e1df5feb885e0a9de
      size: 934
  preprocess:
    cmd: python -m ml.preprocessing.preprocess --config configs/data_config.json
    deps:
    - path: configs/data_config.json
      hash: md5
      md5: 66b1d43085e2067e2f7b5854a8775b14
      size: 413
    - path: data/raw/reviews.csv
      hash: md5
      md5: b8dec822b7176f4ddd7f398fb60d5205
      size: 3856410
    - path: ml/common.py
      hash: md5
      md5: a0ba0b09fffa2019e10a10cf1e14aa87
      size: 2960
    - path: ml/monitoring/performance.py
      hash: md5
      md5: f7d692e71db4db2daa1db276380f4537
      size: 2255
    - path: ml/preprocessing/preprocess.py
      hash: md5
      md5: 12de35b8a6c2a3ec6124b412b0636b11
      size: 6515
    params:
      params.yaml:
        data.max_text_length: 3000
        data.min_text_length: 20
        data.random_seed: 42
        data.test_size: 0.15
        data.validation_size: 0.15
    outs:
    - path: data/interim/rejected_reviews.csv
      hash: md5
      md5: 580fa0a007ab5814712b782513ca47c3
      size: 2030
    - path: data/processed/test.csv
      hash: md5
      md5: a051327c07a6ec84ff61812695dee7f0
      size: 589691
    - path: data/processed/train.csv
      hash: md5
      md5: 463e0291392b41b2417ea9a9303e783e
      size: 2682430
    - path: data/processed/validation.csv
      hash: md5
      md5: 238bf8424d72c5e8eb4df22eaf756b7d
      size: 582736
    - path: reports/preprocessing_report.json
      hash: md5
      md5: 1fb3f7031e4d8743043aa2f4f2578316
      size: 1403
  featurize:
    cmd: python -m ml.features.compute_baseline
    deps:
    - path: data/processed/train.csv
      hash: md5
      md5: 463e0291392b41b2417ea9a9303e783e
      size: 2682430
    - path: ml/features/compute_baseline.py
      hash: md5
      md5: 0d3f353fee68e54a22302ec5c3382491
      size: 4026
    - path: ml/monitoring/performance.py
      hash: md5
      md5: f7d692e71db4db2daa1db276380f4537
      size: 2255
    outs:
    - path: data/baselines/feature_baseline.json
      hash: md5
      md5: 350d9b2aebe71bc3b44cc1b8efd3f992
      size: 5595
    - path: reports/feature_baseline_report.json
      hash: md5
      md5: c762bceccb85946aaa576bfca2b0423a
      size: 249
  train:
    cmd: python -m ml.training.train
    deps:
    - path: data/processed/test.csv
      hash: md5
      md5: a051327c07a6ec84ff61812695dee7f0
      size: 589691
    - path: data/processed/train.csv
      hash: md5
      md5: 463e0291392b41b2417ea9a9303e783e
      size: 2682430
    - path: data/processed/validation.csv
      hash: md5
      md5: 238bf8424d72c5e8eb4df22eaf756b7d
      size: 582736
    - path: ml/common.py
      hash: md5
      md5: a0ba0b09fffa2019e10a10cf1e14aa87
      size: 2960
    - path: ml/monitoring/performance.py
      hash: md5
      md5: f7d692e71db4db2daa1db276380f4537
      size: 2255
    - path: ml/serving/pyfunc_model.py
      hash: md5
      md5: 2497edfcb8342488b55294c4650ee72d
      size: 3639
    - path: ml/training/train.py
      hash: md5
      md5: 7322dcbb6620ac099b5099551644f8f3
      size: 29217
    params:
      params.yaml:
        training:
          random_seed: 42
          acceptance_test_macro_f1: 0.75
          acceptance_latency_ms: 200.0
          latency_sample_size: 50
          candidates:
          - name: tfidf_logistic_baseline
            model_type: tfidf_logistic_regression
            vectorizer: tfidf
            max_features: 2500
            ngram_range:
            - 1
            - 2
            min_df: 2
            sublinear_tf: false
            classifier: LogisticRegression
            classifier_params:
              C: 1.0
              max_iter: 1000
              class_weight: balanced
          - name: tfidf_logistic_regularized
            model_type: tfidf_logistic_regression
            vectorizer: tfidf
            max_features: 30000
            ngram_range:
            - 1
            - 2
            min_df: 2
            sublinear_tf: true
            classifier: LogisticRegression
            classifier_params:
              C: 1.5
              max_iter: 2000
              class_weight: balanced
          - name: tfidf_logistic_tuned
            model_type: tfidf_logistic_regression
            vectorizer: tfidf
            max_features: 80000
            ngram_range:
            - 1
            - 3
            min_df: 1
            sublinear_tf: true
            classifier: LogisticRegression
            classifier_params:
              C: 3.0
              max_iter: 2500
              class_weight: balanced
          - name: tfidf_sgd_log_loss
            model_type: tfidf_sgd_classifier
            vectorizer: tfidf
            max_features: 80000
            ngram_range:
            - 1
            - 3
            min_df: 2
            sublinear_tf: true
            classifier: SGDClassifier
            classifier_params:
              alpha: 1e-05
              loss: log_loss
              max_iter: 2000
              class_weight: balanced
          - name: count_naive_bayes
            model_type: count_multinomial_naive_bayes
            vectorizer: count
            max_features: 50000
            ngram_range:
            - 1
            - 2
            min_df: 2
            sublinear_tf: false
            classifier: MultinomialNB
            classifier_params:
              alpha: 0.5
    outs:
    - path: models/feature_importance.json
      hash: md5
      md5: 622d8dbe145bab6d919e5888f3e68931
      size: 5516
    - path: models/mlflow_model
      hash: md5
      md5: 23b2c551bbf793aaa67dbba6fa46d509.dir
      size: 5390256
      nfiles: 37
    - path: models/model_metadata.json
      hash: md5
      md5: fb828e06f73d8c8569180c576876139c
      size: 989
    - path: models/sentiment_model.joblib
      hash: md5
      md5: 28a74d93d3c3d280535b3d0480d2a10e
      size: 5261988
    - path: reports/model_comparison.json
      hash: md5
      md5: c9f13409d8b1afeb432be0c0ba6b1390
      size: 21104
    - path: reports/model_comparison.md
      hash: md5
      md5: 024fce5c0aad9a52d4a8577fd4832397
      size: 956
    - path: reports/model_comparison_plot.csv
      hash: md5
      md5: 26b1fa4a80f1a0015f465cf727d9681f
      size: 678
    - path: reports/model_optimization_report.json
      hash: md5
      md5: c1a0a57bacd5defbdbf0307bf1de8692
      size: 1817
    - path: reports/training_metrics.json
      hash: md5
      md5: 5a18cdbbf0d1b30a2a03f580e0adbd59
      size: 30902
  evaluate:
    cmd: python -m ml.evaluation.evaluate
    deps:
    - path: data/processed/test.csv
      hash: md5
      md5: a051327c07a6ec84ff61812695dee7f0
      size: 589691
    - path: ml/common.py
      hash: md5
      md5: a0ba0b09fffa2019e10a10cf1e14aa87
      size: 2960
    - path: ml/evaluation/evaluate.py
      hash: md5
      md5: 4b188f5a348042604cd4abf7c833e422
      size: 3869
    - path: ml/monitoring/performance.py
      hash: md5
      md5: f7d692e71db4db2daa1db276380f4537
      size: 2255
    - path: models/sentiment_model.joblib
      hash: md5
      md5: 28a74d93d3c3d280535b3d0480d2a10e
      size: 5261988
    params:
      params.yaml:
        training.acceptance_latency_ms: 200.0
        training.acceptance_test_macro_f1: 0.75
    outs:
    - path: reports/confusion_matrix.csv
      hash: md5
      md5: 3b63c157f7fa11e19aa596a4cd3e65ad
      size: 240
    - path: reports/evaluation.json
      hash: md5
      md5: 8a4cf56b21c51bd3289e633b22186307
      size: 1854
    - path: reports/final_metrics.json
      hash: md5
      md5: 18f80b8d90ff6d23b808a882a2648acb
      size: 282
  drift:
    cmd: python -m ml.monitoring.drift
    deps:
    - path: data/baselines/feature_baseline.json
      hash: md5
      md5: 350d9b2aebe71bc3b44cc1b8efd3f992
      size: 5595
    - path: data/processed/test.csv
      hash: md5
      md5: a051327c07a6ec84ff61812695dee7f0
      size: 589691
    - path: ml/monitoring/drift.py
      hash: md5
      md5: d01b92df642242f647c1681fc9d07402
      size: 4740
    - path: ml/monitoring/performance.py
      hash: md5
      md5: f7d692e71db4db2daa1db276380f4537
      size: 2255
    - path: reports/acceptance_gate.json
      hash: md5
      md5: fd7e7e8d9fd848e65b60015f1d34bb61
      size: 233
    outs:
    - path: reports/drift_report.json
      hash: md5
      md5: ea663dbc50d1220c4c6afd87c1f4785b
      size: 4227
  publish:
    cmd: python -m ml.monitoring.publish_report
    deps:
    - path: ml/monitoring/performance.py
      hash: md5
      md5: f7d692e71db4db2daa1db276380f4537
      size: 2255
    - path: ml/monitoring/publish_report.py
      hash: md5
      md5: 913a8833842b67581463aa18d560a77c
      size: 3057
    - path: reports/acceptance_gate.json
      hash: md5
      md5: fd7e7e8d9fd848e65b60015f1d34bb61
      size: 233
    - path: reports/data_validation.json
      hash: md5
      md5: 0d25f29399f71b0e1df5feb885e0a9de
      size: 934
    - path: reports/drift_report.json
      hash: md5
      md5: ea663dbc50d1220c4c6afd87c1f4785b
      size: 4227
    - path: reports/eda_report.json
      hash: md5
      md5: 9ad4ae24cb59b42470a7edaa431807d2
      size: 5653
    - path: reports/evaluation.json
      hash: md5
      md5: 8a4cf56b21c51bd3289e633b22186307
      size: 1854
    - path: reports/feature_baseline_report.json
      hash: md5
      md5: c762bceccb85946aaa576bfca2b0423a
      size: 249
    - path: reports/ingestion_report.json
      hash: md5
      md5: 0e299816f72c1132035b1bc559ab626d
      size: 822
    - path: reports/model_comparison.json
      hash: md5
      md5: c9f13409d8b1afeb432be0c0ba6b1390
      size: 21104
    - path: reports/preprocessing_report.json
      hash: md5
      md5: 1fb3f7031e4d8743043aa2f4f2578316
      size: 1403
    - path: reports/training_metrics.json
      hash: md5
      md5: 5a18cdbbf0d1b30a2a03f580e0adbd59
      size: 30902
    outs:
    - path: reports/pipeline_performance.json
      hash: md5
      md5: 79f6db4166be4d11637076c6be8f7f50
      size: 2589
    - path: reports/pipeline_report.json
      hash: md5
      md5: c4e5f993d53d16f91901b965e0220a49
      size: 83606
  eda:
    cmd: python -m ml.eda.analyze --config configs/data_config.json
    deps:
    - path: configs/data_config.json
      hash: md5
      md5: 66b1d43085e2067e2f7b5854a8775b14
      size: 413
    - path: data/raw/reviews.csv
      hash: md5
      md5: b8dec822b7176f4ddd7f398fb60d5205
      size: 3856410
    - path: ml/eda/analyze.py
      hash: md5
      md5: f1fc1abab43eb76e57e2cfb99704d301
      size: 8819
    - path: ml/monitoring/performance.py
      hash: md5
      md5: f7d692e71db4db2daa1db276380f4537
      size: 2255
    outs:
    - path: reports/eda_report.json
      hash: md5
      md5: 9ad4ae24cb59b42470a7edaa431807d2
      size: 5653
    - path: reports/eda_report.md
      hash: md5
      md5: fc0f5686b41ec26c3256e6aa2c1c7644
      size: 1153
    - path: reports/figures
      hash: md5
      md5: 12a39b75b0512c25733ca4da50a20ee7.dir
      size: 60192
      nfiles: 4
  accept:
    cmd: python -m ml.evaluation.check_acceptance
    deps:
    - path: ml/common.py
      hash: md5
      md5: a0ba0b09fffa2019e10a10cf1e14aa87
      size: 2960
    - path: ml/evaluation/check_acceptance.py
      hash: md5
      md5: 46c93857d7c993693f7b80d2bb96f74e
      size: 2155
    - path: reports/evaluation.json
      hash: md5
      md5: 8a4cf56b21c51bd3289e633b22186307
      size: 1854
    - path: reports/final_metrics.json
      hash: md5
      md5: 18f80b8d90ff6d23b808a882a2648acb
      size: 282
    params:
      params.yaml:
        training.acceptance_latency_ms: 200.0
        training.acceptance_test_macro_f1: 0.75
    outs:
    - path: reports/acceptance_gate.json
      hash: md5
      md5: fd7e7e8d9fd848e65b60015f1d34bb61
      size: 233
